// !$*UTF8*$!
{
	archiveVersion = 1;
	classes = {
	};
	objectVersion = 46;
	objects = {

/* Begin PBXBuildFile section */
		AC196F291B6791D900F9AD15 /* tabChild1ViewController.swift in Sources */ = {isa = PBXBuildFile; fileRef = AC196F281B6791D900F9AD15 /* tabChild1ViewController.swift */; };
		AC196F2B1B6791F100F9AD15 /* tabChild2ViewController.swift in Sources */ = {isa = PBXBuildFile; fileRef = AC196F2A1B6791F100F9AD15 /* tabChild2ViewController.swift */; };
		AC196F2D1B67921200F9AD15 /* tabChild3ViewController.swift in Sources */ = {isa = PBXBuildFile; fileRef = AC196F2C1B67921200F9AD15 /* tabChild3ViewController.swift */; };
		AC196F2F1B67A0D100F9AD15 /* subViewController.swift in Sources */ = {isa = PBXBuildFile; fileRef = AC196F2E1B67A0D100F9AD15 /* subViewController.swift */; };
		AC4E879C1B5F6D7100F125E9 /* AppDelegate.swift in Sources */ = {isa = PBXBuildFile; fileRef = AC4E879B1B5F6D7100F125E9 /* AppDelegate.swift */; };
		AC4E87A31B5F6D7100F125E9 /* Images.xcassets in Resources */ = {isa = PBXBuildFile; fileRef = AC4E87A21B5F6D7100F125E9 /* Images.xcassets */; };
		AC4E87A61B5F6D7100F125E9 /* LaunchScreen.xib in Resources */ = {isa = PBXBuildFile; fileRef = AC4E87A41B5F6D7100F125E9 /* LaunchScreen.xib */; };
		AC4E87B21B5F6D7100F125E9 /* app01Tests.swift in Sources */ = {isa = PBXBuildFile; fileRef = AC4E87B11B5F6D7100F125E9 /* app01Tests.swift */; };
		AC992C121B71A5100017DDAC /* navi.jpeg in Resources */ = {isa = PBXBuildFile; fileRef = AC992C111B71A5100017DDAC /* navi.jpeg */; };
		ACB805E41B7B95C20044294B /* CustomNavigationController.swift in Sources */ = {isa = PBXBuildFile; fileRef = ACB805E31B7B95C20044294B /* CustomNavigationController.swift */; };
/* End PBXBuildFile section */

/* Begin PBXContainerItemProxy section */
		AC4E87AC1B5F6D7100F125E9 /* PBXContainerItemProxy */ = {
			isa = PBXContainerItemProxy;
			containerPortal = AC4E878E1B5F6D7100F125E9 /* Project object */;
			proxyType = 1;
			remoteGlobalIDString = AC4E87951B5F6D7100F125E9;
			remoteInfo = app01;
		};
/* End PBXContainerItemProxy section */

/* Begin PBXFileReference section */
		AC196F281B6791D900F9AD15 /* tabChild1ViewController.swift */ = {isa = PBXFileReference; fileEncoding = 4; lastKnownFileType = sourcecode.swift; path = tabChild1ViewController.swift; sourceTree = "<group>"; };
		AC196F2A1B6791F100F9AD15 /* tabChild2ViewController.swift */ = {isa = PBXFileReference; fileEncoding = 4; lastKnownFileType = sourcecode.swift; path = tabChild2ViewController.swift; sourceTree = "<group>"; };
		AC196F2C1B67921200F9AD15 /* tabChild3ViewController.swift */ = {isa = PBXFileReference; fileEncoding = 4; lastKnownFileType = sourcecode.swift; path = tabChild3ViewController.swift; sourceTree = "<group>"; };
		AC196F2E1B67A0D100F9AD15 /* subViewController.swift */ = {isa = PBXFileReference; fileEncoding = 4; lastKnownFileType = sourcecode.swift; path = subViewController.swift; sourceTree = "<group>"; };
		AC4E87961B5F6D7100F125E9 /* app01.app */ = {isa = PBXFileReference; explicitFileType = wrapper.application; includeInIndex = 0; path = app01.app; sourceTree = BUILT_PRODUCTS_DIR; };
		AC4E879A1B5F6D7100F125E9 /* Info.plist */ = {isa = PBXFileReference; lastKnownFileType = text.plist.xml; path = Info.plist; sourceTree = "<group>"; };
		AC4E879B1B5F6D7100F125E9 /* AppDelegate.swift */ = {isa = PBXFileReference; lastKnownFileType = sourcecode.swift; path = AppDelegate.swift; sourceTree = "<group>"; };
		AC4E87A21B5F6D7100F125E9 /* Images.xcassets */ = {isa = PBXFileReference; lastKnownFileType = folder.assetcatalog; path = Images.xcassets; sourceTree = "<group>"; };
		AC4E87A51B5F6D7100F125E9 /* Base */ = {isa = PBXFileReference; lastKnownFileType = file.xib; name = Base; path = Base.lproj/LaunchScreen.xib; sourceTree = "<group>"; };
		AC4E87AB1B5F6D7100F125E9 /* app01Tests.xctest */ = {isa = PBXFileReference; explicitFileType = wrapper.cfbundle; includeInIndex = 0; path = app01Tests.xctest; sourceTree = BUILT_PRODUCTS_DIR; };
		AC4E87B01B5F6D7100F125E9 /* Info.plist */ = {isa = PBXFileReference; lastKnownFileType = text.plist.xml; path = Info.plist; sourceTree = "<group>"; };
		AC4E87B11B5F6D7100F125E9 /* app01Tests.swift */ = {isa = PBXFileReference; lastKnownFileType = sourcecode.swift; path = app01Tests.swift; sourceTree = "<group>"; };
		AC992C111B71A5100017DDAC /* navi.jpeg */ = {isa = PBXFileReference; lastKnownFileType = image.jpeg; path = navi.jpeg; sourceTree = "<group>"; };
		ACB805E31B7B95C20044294B /* CustomNavigationController.swift */ = {isa = PBXFileReference; fileEncoding = 4; lastKnownFileType = sourcecode.swift; path = CustomNavigationController.swift; sourceTree = "<group>"; };
/* End PBXFileReference section */

/* Begin PBXFrameworksBuildPhase section */
		AC4E87931B5F6D7100F125E9 /* Frameworks */ = {
			isa = PBXFrameworksBuildPhase;
			buildActionMask = 2147483647;
			files = (
			);
			runOnlyForDeploymentPostprocessing = 0;
		};
		AC4E87A81B5F6D7100F125E9 /* Frameworks */ = {
			isa = PBXFrameworksBuildPhase;
			buildActionMask = 2147483647;
			files = (
			);
			runOnlyForDeploymentPostprocessing = 0;
		};
/* End PBXFrameworksBuildPhase section */

/* Begin PBXGroup section */
		AC4E878D1B5F6D7100F125E9 = {
			isa = PBXGroup;
			children = (
				AC4E87981B5F6D7100F125E9 /* app01 */,
				AC4E87AE1B5F6D7100F125E9 /* app01Tests */,
				AC4E87971B5F6D7100F125E9 /* Products */,
			);
			sourceTree = "<group>";
		};
		AC4E87971B5F6D7100F125E9 /* Products */ = {
			isa = PBXGroup;
			children = (
				AC4E87961B5F6D7100F125E9 /* app01.app */,
				AC4E87AB1B5F6D7100F125E9 /* app01Tests.xctest */,
			);
			name = Products;
			sourceTree = "<group>";
		};
		AC4E87981B5F6D7100F125E9 /* app01 */ = {
			isa = PBXGroup;
			children = (
				AC4E879B1B5F6D7100F125E9 /* AppDelegate.swift */,
				AC4E87A21B5F6D7100F125E9 /* Images.xcassets */,
				AC4E87A41B5F6D7100F125E9 /* LaunchScreen.xib */,
				AC992C111B71A5100017DDAC /* navi.jpeg */,
				AC4E87991B5F6D7100F125E9 /* Supporting Files */,
				AC196F281B6791D900F9AD15 /* tabChild1ViewController.swift */,
				AC196F2A1B6791F100F9AD15 /* tabChild2ViewController.swift */,
				AC196F2C1B67921200F9AD15 /* tabChild3ViewController.swift */,
				AC196F2E1B67A0D100F9AD15 /* subViewController.swift */,
				ACB805E31B7B95C20044294B /* CustomNavigationController.swift */,
			);
			path = app01;
			sourceTree = "<group>";
		};
		AC4E87991B5F6D7100F125E9 /* Supporting Files */ = {
			isa = PBXGroup;
			children = (
				AC4E879A1B5F6D7100F125E9 /* Info.plist */,
			);
			name = "Supporting Files";
			sourceTree = "<group>";
		};
		AC4E87AE1B5F6D7100F125E9 /* app01Tests */ = {
			isa = PBXGroup;
			children = (
				AC4E87B11B5F6D7100F125E9 /* app01Tests.swift */,
				AC4E87AF1B5F6D7100F125E9 /* Supporting Files */,
			);
			path = app01Tests;
			sourceTree = "<group>";
		};
		AC4E87AF1B5F6D7100F125E9 /* Supporting Files */ = {
			isa = PBXGroup;
			children = (
				AC4E87B01B5F6D7100F125E9 /* Info.plist */,
			);
			name = "Supporting Files";
			sourceTree = "<group>";
		};
/* End PBXGroup section */

/* Begin PBXNativeTarget section */
		AC4E87951B5F6D7100F125E9 /* app01 */ = {
			isa = PBXNativeTarget;
			buildConfigurationList = AC4E87B51B5F6D7100F125E9 /* Build configuration list for PBXNativeTarget "app01" */;
			buildPhases = (
				AC4E87921B5F6D7100F125E9 /* Sources */,
				AC4E87931B5F6D7100F125E9 /* Frameworks */,
				AC4E87941B5F6D7100F125E9 /* Resources */,
			);
			buildRules = (
			);
			dependencies = (
			);
			name = app01;
			productName = app01;
			productReference = AC4E87961B5F6D7100F125E9 /* app01.app */;
			productType = "com.apple.product-type.application";
		};
		AC4E87AA1B5F6D7100F125E9 /* app01Tests */ = {
			isa = PBXNativeTarget;
			buildConfigurationList = AC4E87B81B5F6D7100F125E9 /* Build configuration list for PBXNativeTarget "app01Tests" */;
			buildPhases = (
				AC4E87A71B5F6D7100F125E9 /* Sources */,
				AC4E87A81B5F6D7100F125E9 /* Frameworks */,
				AC4E87A91B5F6D7100F125E9 /* Resources */,
			);
			buildRules = (
			);
			dependencies = (
				AC4E87AD1B5F6D7100F125E9 /* PBXTargetDependency */,
			);
			name = app01Tests;
			productName = app01Tests;
			productReference = AC4E87AB1B5F6D7100F125E9 /* app01Tests.xctest */;
			productType = "com.apple.product-type.bundle.unit-test";
		};
/* End PBXNativeTarget section */

/* Begin PBXProject section */
		AC4E878E1B5F6D7100F125E9 /* Project object */ = {
			isa = PBXProject;
			attributes = {
				LastUpgradeCheck = 0640;
				ORGANIZATIONNAME = fsail;
				TargetAttributes = {
					AC4E87951B5F6D7100F125E9 = {
						CreatedOnToolsVersion = 6.4;
					};
					AC4E87AA1B5F6D7100F125E9 = {
						CreatedOnToolsVersion = 6.4;
						TestTargetID = AC4E87951B5F6D7100F125E9;
					};
				};
			};
			buildConfigurationList = AC4E87911B5F6D7100F125E9 /* Build configuration list for PBXProject "app01" */;
			compatibilityVersion = "Xcode 3.2";
			developmentRegion = English;
			hasScannedForEncodings = 0;
			knownRegions = (
				en,
				Base,
			);
			mainGroup = AC4E878D1B5F6D7100F125E9;
			productRefGroup = AC4E87971B5F6D7100F125E9 /* Products */;
			projectDirPath = "";
			projectRoot = "";
			targets = (
				AC4E87951B5F6D7100F125E9 /* app01 */,
				AC4E87AA1B5F6D7100F125E9 /* app01Tests */,
			);
		};
/* End PBXProject section */

/* Begin PBXResourcesBuildPhase section */
		AC4E87941B5F6D7100F125E9 /* Resources */ = {
			isa = PBXResourcesBuildPhase;
			buildActionMask = 2147483647;
			files = (
				AC4E87A61B5F6D7100F125E9 /* LaunchScreen.xib in Resources */,
				AC4E87A31B5F6D7100F125E9 /* Images.xcassets in Resources */,
				AC992C121B71A5100017DDAC /* navi.jpeg in Resources */,
			);
			runOnlyForDeploymentPostprocessing = 0;
		};
		AC4E87A91B5F6D7100F125E9 /* Resources */ = {
			isa = PBXResourcesBuildPhase;
			buildActionMask = 2147483647;
			files = (
			);
			runOnlyForDeploymentPostprocessing = 0;
		};
/* End PBXResourcesBuildPhase section */

/* Begin PBXSourcesBuildPhase section */
		AC4E87921B5F6D7100F125E9 /* Sources */ = {
			isa = PBXSourcesBuildPhase;
			buildActionMask = 2147483647;
			files = (
				ACB805E41B7B95C20044294B /* CustomNavigationController.swift in Sources */,
				AC4E879C1B5F6D7100F125E9 /* AppDelegate.swift in Sources */,
				AC196F2D1B67921200F9AD15 /* tabChild3ViewController.swift in Sources */,
				AC196F291B6791D900F9AD15 /* tabChild1ViewController.swift in Sources */,
				AC196F2B1B6791F100F9AD15 /* tabChild2ViewController.swift in Sources */,
				AC196F2F1B67A0D100F9AD15 /* subViewController.swift in Sources */,
			);
			runOnlyForDeploymentPostprocessing = 0;
		};
		AC4E87A71B5F6D7100F125E9 /* Sources */ = {
			isa = PBXSourcesBuildPhase;
			buildActionMask = 2147483647;
			files = (
				AC4E87B21B5F6D7100F125E9 /* app01Tests.swift in Sources */,
			);
			runOnlyForDeploymentPostprocessing = 0;
		};
/* End PBXSourcesBuildPhase section */

/* Begin PBXTargetDependency section */
		AC4E87AD1B5F6D7100F125E9 /* PBXTargetDependency */ = {
			isa = PBXTargetDependency;
			target = AC4E87951B5F6D7100F125E9 /* app01 */;
			targetProxy = AC4E87AC1B5F6D7100F125E9 /* PBXContainerItemProxy */;
		};
/* End PBXTargetDependency section */

/* Begin PBXVariantGroup section */
		AC4E87A41B5F6D7100F125E9 /* LaunchScreen.xib */ = {
			isa = PBXVariantGroup;
			children = (
				AC4E87A51B5F6D7100F125E9 /* Base */,
			);
			name = LaunchScreen.xib;
			sourceTree = "<group>";
		};
/* End PBXVariantGroup section */

/* Begin XCBuildConfiguration section */
		AC4E87B31B5F6D7100F125E9 /* Debug */ = {
			isa = XCBuildConfiguration;
			buildSettings = {
				ALWAYS_SEARCH_USER_PATHS = NO;
				CLANG_CXX_LANGUAGE_STANDARD = "gnu++0x";
				CLANG_CXX_LIBRARY = "libc++";
				CLANG_ENABLE_MODULES = YES;
				CLANG_ENABLE_OBJC_ARC = YES;
				CLANG_WARN_BOOL_CONVERSION = YES;
				CLANG_WARN_CONSTANT_CONVERSION = YES;
				CLANG_WARN_DIRECT_OBJC_ISA_USAGE = YES_ERROR;
				CLANG_WARN_EMPTY_BODY = YES;
				CLANG_WARN_ENUM_CONVERSION = YES;
				CLANG_WARN_INT_CONVERSION = YES;
				CLANG_WARN_OBJC_ROOT_CLASS = YES_ERROR;
				CLANG_WARN_UNREACHABLE_CODE = YES;
				CLANG_WARN__DUPLICATE_METHOD_MATCH = YES;
				"CODE_SIGN_IDENTITY[sdk=iphoneos*]" = "iPhone Developer";
				COPY_PHASE_STRIP = NO;
				DEBUG_INFORMATION_FORMAT = "dwarf-with-dsym";
				ENABLE_STRICT_OBJC_MSGSEND = YES;
				GCC_C_LANGUAGE_STANDARD = gnu99;
				GCC_DYNAMIC_NO_PIC = NO;
				GCC_NO_COMMON_BLOCKS = YES;
				GCC_OPTIMIZATION_LEVEL = 0;
				GCC_PREPROCESSOR_DEFINITIONS = (
					"DEBUG=1",
					"$(inherited)",
				);
				GCC_SYMBOLS_PRIVATE_EXTERN = NO;
				GCC_WARN_64_TO_32_BIT_CONVERSION = YES;
				GCC_WARN_ABOUT_RETURN_TYPE = YES_ERROR;
				GCC_WARN_UNDECLARED_SELECTOR = YES;
				GCC_WARN_UNINITIALIZED_AUTOS = YES_AGGRESSIVE;
				GCC_WARN_UNUSED_FUNCTION = YES;
				GCC_WARN_UNUSED_VARIABLE = YES;
				IPHONEOS_DEPLOYMENT_TARGET = 8.4;
				MTL_ENABLE_DEBUG_INFO = YES;
				ONLY_ACTIVE_ARCH = YES;
				SDKROOT = iphoneos;
				SWIFT_OPTIMIZATION_LEVEL = "-Onone";
				TARGETED_DEVICE_FAMILY = "1,2";
			};
			name = Debug;
		};
		AC4E87B41B5F6D7100F125E9 /* Release */ = {
			isa = XCBuildConfiguration;
			buildSettings = {
				ALWAYS_SEARCH_USER_PATHS = NO;
				CLANG_CXX_LANGUAGE_STANDARD = "gnu++0x";
				CLANG_CXX_LIBRARY = "libc++";
				CLANG_ENABLE_MODULES = YES;
				CLANG_ENABLE_OBJC_ARC = YES;
				CLANG_WARN_BOOL_CONVERSION = YES;
				CLANG_WARN_CONSTANT_CONVERSION = YES;
				CLANG_WARN_DIRECT_OBJC_ISA_USAGE = YES_ERROR;
				CLANG_WARN_EMPTY_BODY = YES;
				CLANG_WARN_ENUM_CONVERSION = YES;
				CLANG_WARN_INT_CONVERSION = YES;
				CLANG_WARN_OBJC_ROOT_CLASS = YES_ERROR;
				CLANG_WARN_UNREACHABLE_CODE = YES;
				CLANG_WARN__DUPLICATE_METHOD_MATCH = YES;
				"CODE_SIGN_IDENTITY[sdk=iphoneos*]" = "iPhone Developer";
				COPY_PHASE_STRIP = NO;
				DEBUG_INFORMATION_FORMAT = "dwarf-with-dsym";
				ENABLE_NS_ASSERTIONS = NO;
				ENABLE_STRICT_OBJC_MSGSEND = YES;
				GCC_C_LANGUAGE_STANDARD = gnu99;
				GCC_NO_COMMON_BLOCKS = YES;
				GCC_WARN_64_TO_32_BIT_CONVERSION = YES;
				GCC_WARN_ABOUT_RETURN_TYPE = YES_ERROR;
				GCC_WARN_UNDECLARED_SELECTOR = YES;
				GCC_WARN_UNINITIALIZED_AUTOS = YES_AGGRESSIVE;
				GCC_WARN_UNUSED_FUNCTION = YES;
				GCC_WARN_UNUSED_VARIABLE = YES;
				IPHONEOS_DEPLOYMENT_TARGET = 8.4;
				MTL_ENABLE_DEBUG_INFO = NO;
				SDKROOT = iphoneos;
				TARGETED_DEVICE_FAMILY = "1,2";
				VALIDATE_PRODUCT = YES;
			};
			name = Release;
		};
		AC4E87B61B5F6D7100F125E9 /* Debug */ = {
			isa = XCBuildConfiguration;
			buildSettings = {
				ASSETCATALOG_COMPILER_APPICON_NAME = AppIcon;
				INFOPLIST_FILE = app01/Info.plist;
				LD_RUNPATH_SEARCH_PATHS = "$(inherited) @executable_path/Frameworks";
				PRODUCT_NAME = "$(TARGET_NAME)";
			};
			name = Debug;
		};
		AC4E87B71B5F6D7100F125E9 /* Release */ = {
			isa = XCBuildConfiguration;
			buildSettings = {
				ASSETCATALOG_COMPILER_APPICON_NAME = AppIcon;
				INFOPLIST_FILE = app01/Info.plist;
				LD_RUNPATH_SEARCH_PATHS = "$(inherited) @executable_path/Frameworks";
				PRODUCT_NAME = "$(TARGET_NAME)";
			};
			name = Release;
		};
		AC4E87B91B5F6D7100F125E9 /* Debug */ = {
			isa = XCBuildConfiguration;
			buildSettings = {
				BUNDLE_LOADER = "$(TEST_HOST)";
				FRAMEWORK_SEARCH_PATHS = (
					"$(SDKROOT)/Developer/Library/Frameworks",
					"$(inherited)",
				);
				GCC_PREPROCESSOR_DEFINITIONS = (
					"DEBUG=1",
					"$(inherited)",
				);
				INFOPLIST_FILE = app01Tests/Info.plist;
				LD_RUNPATH_SEARCH_PATHS = "$(inherited) @executable_path/Frameworks @loader_path/Frameworks";
				PRODUCT_NAME = "$(TARGET_NAME)";
				TEST_HOST = "$(BUILT_PRODUCTS_DIR)/app01.app/app01";
			};
			name = Debug;
		};
		AC4E87BA1B5F6D7100F125E9 /* Release */ = {
			isa = XCBuildConfiguration;
			buildSettings = {
				BUNDLE_LOADER = "$(TEST_HOST)";
				FRAMEWORK_SEARCH_PATHS = (
					"$(SDKROOT)/Developer/Library/Frameworks",
					"$(inherited)",
				);
				INFOPLIST_FILE = app01Tests/Info.plist;
				LD_RUNPATH_SEARCH_PATHS = "$(inherited) @executable_path/Frameworks @loader_path/Frameworks";
				PRODUCT_NAME = "$(TARGET_NAME)";
				TEST_HOST = "$(BUILT_PRODUCTS_DIR)/app01.app/app01";
			};
			name = Release;
		};
/* End XCBuildConfiguration section */

/* Begin XCConfigurationList section */
		AC4E87911B5F6D7100F125E9 /* Build configuration list for PBXProject "app01" */ = {
			isa = XCConfigurationList;
			buildConfigurations = (
				AC4E87B31B5F6D7100F125E9 /* Debug */,
				AC4E87B41B5F6D7100F125E9 /* Release */,
			);
			defaultConfigurationIsVisible = 0;
			defaultConfigurationName = Release;
		};
		AC4E87B51B5F6D7100F125E9 /* Build configuration list for PBXNativeTarget "app01" */ = {
			isa = XCConfigurationList;
			buildConfigurations = (
				AC4E87B61B5F6D7100F125E9 /* Debug */,
				AC4E87B71B5F6D7100F125E9 /* Release */,
			);
			defaultConfigurationIsVisible = 0;
			defaultConfigurationName = Release;
		};
		AC4E87B81B5F6D7100F125E9 /* Build configuration list for PBXNativeTarget "app01Tests" */ = {
			isa = XCConfigurationList;
			buildConfigurations = (
				AC4E87B91B5F6D7100F125E9 /* Debug */,
				AC4E87BA1B5F6D7100F125E9 /* Release */,
			);
			defaultConfigurationIsVisible = 0;
			defaultConfigurationName = Release;
		};
/* End XCConfigurationList section */
	};
	rootObject = AC4E878E1B5F6D7100F125E9 /* Project object */;
}
